
Microsoft Visual Studio Solution File, Format Version 12.00
# Visual Studio Version 17
VisualStudioVersion = 17.8.34525.116
MinimumVisualStudioVersion = 10.0.40219.1
Project("{9A19103F-16F7-4668-BE54-9A1E7A4F7556}") = "System_ParkingLot", "System_ParkingLot\System_ParkingLot.csproj", "{40E5522B-68F5-4B2B-A84F-5CE1B8A30501}"
EndProject
Global
	GlobalSection(SolutionConfigurationPlatforms) = preSolution
		Debug|Any CPU = Debug|Any CPU
		Release|Any CPU = Release|Any CPU
	EndGlobalSection
	GlobalSection(ProjectConfigurationPlatforms) = postSolution
		{40E5522B-68F5-4B2B-A84F-5CE1B8A30501}.Debug|Any CPU.ActiveCfg = Debug|Any CPU
		{40E5522B-68F5-4B2B-A84F-5CE1B8A30501}.Debug|Any CPU.Build.0 = Debug|Any CPU
		{40E5522B-68F5-4B2B-A84F-5CE1B8A30501}.Release|Any CPU.ActiveCfg = Release|Any CPU
		{40E5522B-68F5-4B2B-A84F-5CE1B8A30501}.Release|Any CPU.Build.0 = Release|Any CPU
	EndGlobalSection
	GlobalSection(SolutionProperties) = preSolution
		HideSolutionNode = FALSE
	EndGlobalSection
	GlobalSection(ExtensibilityGlobals) = postSolution
		SolutionGuid = {0DE72C39-1D57-4C0C-B734-30E80B0137CB}
	EndGlobalSection
EndGlobal
